
Microsoft Visual Studio Solution File, Format Version 12.00
# Visual Studio 15
VisualStudioVersion = 15.0.28307.329
MinimumVisualStudioVersion = 10.0.40219.1
Project("{FAE04EC0-301F-11D3-BF4B-00C04F79EFBC}") = "appMoteleros.Android", "appMoteleros\appMoteleros.Android\appMoteleros.Android.csproj", "{C02FB918-914B-4AE5-B5EE-D3E2B3162AAC}"
EndProject
Project("{FAE04EC0-301F-11D3-BF4B-00C04F79EFBC}") = "appMoteleros.iOS", "appMoteleros\appMoteleros.iOS\appMoteleros.iOS.csproj", "{8BD3F24A-31FF-4E0B-9165-5BD01564ADD9}"
EndProject
Project("{9A19103F-16F7-4668-BE54-9A1E7A4F7556}") = "appMoteleros", "appMoteleros\appMoteleros\appMoteleros.csproj", "{9F569024-A4C0-438D-9A6E-73F45510B14E}"
EndProject
Project("{FAE04EC0-301F-11D3-BF4B-00C04F79EFBC}") = "appMoteleros.Backend", "appMoteleros.Backend\appMoteleros.Backend.csproj", "{751774DD-03E5-45E5-BEDA-8A017FD7A102}"
EndProject
Project("{FAE04EC0-301F-11D3-BF4B-00C04F79EFBC}") = "appMoteleros.Api", "appMoteleros.Api\appMoteleros.Api.csproj", "{70D1CB3C-0F4E-4D61-9573-61A7544F547E}"
EndProject
Project("{FAE04EC0-301F-11D3-BF4B-00C04F79EFBC}") = "appMoteleros.Domain", "appMoteleros.Domain\appMoteleros.Domain.csproj", "{E6BB28D0-2122-4E06-A24B-6BD9FA1FF547}"
EndProject
Project("{FAE04EC0-301F-11D3-BF4B-00C04F79EFBC}") = "appMoteleros.Common", "appMoteleros.Common\appMoteleros.Common.csproj", "{55079B3D-1273-4B74-B036-859DC1E31456}"
EndProject
Global
	GlobalSection(SolutionConfigurationPlatforms) = preSolution
		Ad-Hoc|Any CPU = Ad-Hoc|Any CPU
		Ad-Hoc|iPhone = Ad-Hoc|iPhone
		Ad-Hoc|iPhoneSimulator = Ad-Hoc|iPhoneSimulator
		AppStore|Any CPU = AppStore|Any CPU
		AppStore|iPhone = AppStore|iPhone
		AppStore|iPhoneSimulator = AppStore|iPhoneSimulator
		Debug|Any CPU = Debug|Any CPU
		Debug|iPhone = Debug|iPhone
		Debug|iPhoneSimulator = Debug|iPhoneSimulator
		Release|Any CPU = Release|Any CPU
		Release|iPhone = Release|iPhone
		Release|iPhoneSimulator = Release|iPhoneSimulator
	EndGlobalSection
	GlobalSection(ProjectConfigurationPlatforms) = postSolution
		{C02FB918-914B-4AE5-B5EE-D3E2B3162AAC}.Ad-Hoc|Any CPU.ActiveCfg = Release|Any CPU
		{C02FB918-914B-4AE5-B5EE-D3E2B3162AAC}.Ad-Hoc|Any CPU.Build.0 = Release|Any CPU
		{C02FB918-914B-4AE5-B5EE-D3E2B3162AAC}.Ad-Hoc|Any CPU.Deploy.0 = Release|Any CPU
		{C02FB918-914B-4AE5-B5EE-D3E2B3162AAC}.Ad-Hoc|iPhone.ActiveCfg = Release|Any CPU
		{C02FB918-914B-4AE5-B5EE-D3E2B3162AAC}.Ad-Hoc|iPhone.Build.0 = Release|Any CPU
		{C02FB918-914B-4AE5-B5EE-D3E2B3162AAC}.Ad-Hoc|iPhone.Deploy.0 = Release|Any CPU
		{C02FB918-914B-4AE5-B5EE-D3E2B3162AAC}.Ad-Hoc|iPhoneSimulator.ActiveCfg = Release|Any CPU
		{C02FB918-914B-4AE5-B5EE-D3E2B3162AAC}.Ad-Hoc|iPhoneSimulator.Build.0 = Release|Any CPU
		{C02FB918-914B-4AE5-B5EE-D3E2B3162AAC}.Ad-Hoc|iPhoneSimulator.Deploy.0 = Release|Any CPU
		{C02FB918-914B-4AE5-B5EE-D3E2B3162AAC}.AppStore|Any CPU.ActiveCfg = Release|Any CPU
		{C02FB918-914B-4AE5-B5EE-D3E2B3162AAC}.AppStore|Any CPU.Build.0 = Release|Any CPU
		{C02FB918-914B-4AE5-B5EE-D3E2B3162AAC}.AppStore|Any CPU.Deploy.0 = Release|Any CPU
		{C02FB918-914B-4AE5-B5EE-D3E2B3162AAC}.AppStore|iPhone.ActiveCfg = Release|Any CPU
		{C02FB918-914B-4AE5-B5EE-D3E2B3162AAC}.AppStore|iPhone.Build.0 = Release|Any CPU
		{C02FB918-914B-4AE5-B5EE-D3E2B3162AAC}.AppStore|iPhone.Deploy.0 = Release|Any CPU
		{C02FB918-914B-4AE5-B5EE-D3E2B3162AAC}.AppStore|iPhoneSimulator.ActiveCfg = Release|Any CPU
		{C02FB918-914B-4AE5-B5EE-D3E2B3162AAC}.AppStore|iPhoneSimulator.Build.0 = Release|Any CPU
		{C02FB918-914B-4AE5-B5EE-D3E2B3162AAC}.AppStore|iPhoneSimulator.Deploy.0 = Release|Any CPU
		{C02FB918-914B-4AE5-B5EE-D3E2B3162AAC}.Debug|Any CPU.ActiveCfg = Debug|Any CPU
		{C02FB918-914B-4AE5-B5EE-D3E2B3162AAC}.Debug|Any CPU.Build.0 = Debug|Any CPU
		{C02FB918-914B-4AE5-B5EE-D3E2B3162AAC}.Debug|Any CPU.Deploy.0 = Debug|Any CPU
		{C02FB918-914B-4AE5-B5EE-D3E2B3162AAC}.Debug|iPhone.ActiveCfg = Debug|Any CPU
		{C02FB918-914B-4AE5-B5EE-D3E2B3162AAC}.Debug|iPhone.Build.0 = Debug|Any CPU
		{C02FB918-914B-4AE5-B5EE-D3E2B3162AAC}.Debug|iPhone.Deploy.0 = Debug|Any CPU
		{C02FB918-914B-4AE5-B5EE-D3E2B3162AAC}.Debug|iPhoneSimulator.ActiveCfg = Debug|Any CPU
		{C02FB918-914B-4AE5-B5EE-D3E2B3162AAC}.Debug|iPhoneSimulator.Build.0 = Debug|Any CPU
		{C02FB918-914B-4AE5-B5EE-D3E2B3162AAC}.Debug|iPhoneSimulator.Deploy.0 = Debug|Any CPU
		{C02FB918-914B-4AE5-B5EE-D3E2B3162AAC}.Release|Any CPU.ActiveCfg = Release|Any CPU
		{C02FB918-914B-4AE5-B5EE-D3E2B3162AAC}.Release|Any CPU.Build.0 = Release|Any CPU
		{C02FB918-914B-4AE5-B5EE-D3E2B3162AAC}.Release|Any CPU.Deploy.0 = Release|Any CPU
		{C02FB918-914B-4AE5-B5EE-D3E2B3162AAC}.Release|iPhone.ActiveCfg = Release|Any CPU
		{C02FB918-914B-4AE5-B5EE-D3E2B3162AAC}.Release|iPhone.Build.0 = Release|Any CPU
		{C02FB918-914B-4AE5-B5EE-D3E2B3162AAC}.Release|iPhone.Deploy.0 = Release|Any CPU
		{C02FB918-914B-4AE5-B5EE-D3E2B3162AAC}.Release|iPhoneSimulator.ActiveCfg = Release|Any CPU
		{C02FB918-914B-4AE5-B5EE-D3E2B3162AAC}.Release|iPhoneSimulator.Build.0 = Release|Any CPU
		{C02FB918-914B-4AE5-B5EE-D3E2B3162AAC}.Release|iPhoneSimulator.Deploy.0 = Release|Any CPU
		{8BD3F24A-31FF-4E0B-9165-5BD01564ADD9}.Ad-Hoc|Any CPU.ActiveCfg = Ad-Hoc|iPhone
		{8BD3F24A-31FF-4E0B-9165-5BD01564ADD9}.Ad-Hoc|Any CPU.Build.0 = Ad-Hoc|iPhone
		{8BD3F24A-31FF-4E0B-9165-5BD01564ADD9}.Ad-Hoc|Any CPU.Deploy.0 = Ad-Hoc|iPhone
		{8BD3F24A-31FF-4E0B-9165-5BD01564ADD9}.Ad-Hoc|iPhone.ActiveCfg = Ad-Hoc|iPhone
		{8BD3F24A-31FF-4E0B-9165-5BD01564ADD9}.Ad-Hoc|iPhone.Build.0 = Ad-Hoc|iPhone
		{8BD3F24A-31FF-4E0B-9165-5BD01564ADD9}.Ad-Hoc|iPhone.Deploy.0 = Ad-Hoc|iPhone
		{8BD3F24A-31FF-4E0B-9165-5BD01564ADD9}.Ad-Hoc|iPhoneSimulator.ActiveCfg = Ad-Hoc|iPhoneSimulator
		{8BD3F24A-31FF-4E0B-9165-5BD01564ADD9}.Ad-Hoc|iPhoneSimulator.Build.0 = Ad-Hoc|iPhoneSimulator
		{8BD3F24A-31FF-4E0B-9165-5BD01564ADD9}.Ad-Hoc|iPhoneSimulator.Deploy.0 = Ad-Hoc|iPhoneSimulator
		{8BD3F24A-31FF-4E0B-9165-5BD01564ADD9}.AppStore|Any CPU.ActiveCfg = AppStore|iPhone
		{8BD3F24A-31FF-4E0B-9165-5BD01564ADD9}.AppStore|Any CPU.Build.0 = AppStore|iPhone
		{8BD3F24A-31FF-4E0B-9165-5BD01564ADD9}.AppStore|Any CPU.Deploy.0 = AppStore|iPhone
		{8BD3F24A-31FF-4E0B-9165-5BD01564ADD9}.AppStore|iPhone.ActiveCfg = AppStore|iPhone
		{8BD3F24A-31FF-4E0B-9165-5BD01564ADD9}.AppStore|iPhone.Build.0 = AppStore|iPhone
		{8BD3F24A-31FF-4E0B-9165-5BD01564ADD9}.AppStore|iPhone.Deploy.0 = AppStore|iPhone
		{8BD3F24A-31FF-4E0B-9165-5BD01564ADD9}.AppStore|iPhoneSimulator.ActiveCfg = AppStore|iPhoneSimulator
		{8BD3F24A-31FF-4E0B-9165-5BD01564ADD9}.AppStore|iPhoneSimulator.Build.0 = AppStore|iPhoneSimulator
		{8BD3F24A-31FF-4E0B-9165-5BD01564ADD9}.AppStore|iPhoneSimulator.Deploy.0 = AppStore|iPhoneSimulator
		{8BD3F24A-31FF-4E0B-9165-5BD01564ADD9}.Debug|Any CPU.ActiveCfg = Debug|iPhoneSimulator
		{8BD3F24A-31FF-4E0B-9165-5BD01564ADD9}.Debug|Any CPU.Build.0 = Debug|iPhoneSimulator
		{8BD3F24A-31FF-4E0B-9165-5BD01564ADD9}.Debug|Any CPU.Deploy.0 = Debug|iPhoneSimulator
		{8BD3F24A-31FF-4E0B-9165-5BD01564ADD9}.Debug|iPhone.ActiveCfg = Debug|iPhone
		{8BD3F24A-31FF-4E0B-9165-5BD01564ADD9}.Debug|iPhone.Build.0 = Debug|iPhone
		{8BD3F24A-31FF-4E0B-9165-5BD01564ADD9}.Debug|iPhone.Deploy.0 = Debug|iPhone
		{8BD3F24A-31FF-4E0B-9165-5BD01564ADD9}.Debug|iPhoneSimulator.ActiveCfg = Debug|iPhoneSimulator
		{8BD3F24A-31FF-4E0B-9165-5BD01564ADD9}.Debug|iPhoneSimulator.Build.0 = Debug|iPhoneSimulator
		{8BD3F24A-31FF-4E0B-9165-5BD01564ADD9}.Debug|iPhoneSimulator.Deploy.0 = Debug|iPhoneSimulator
		{8BD3F24A-31FF-4E0B-9165-5BD01564ADD9}.Release|Any CPU.ActiveCfg = Release|iPhone
		{8BD3F24A-31FF-4E0B-9165-5BD01564ADD9}.Release|Any CPU.Build.0 = Release|iPhone
		{8BD3F24A-31FF-4E0B-9165-5BD01564ADD9}.Release|Any CPU.Deploy.0 = Release|iPhone
		{8BD3F24A-31FF-4E0B-9165-5BD01564ADD9}.Release|iPhone.ActiveCfg = Release|iPhone
		{8BD3F24A-31FF-4E0B-9165-5BD01564ADD9}.Release|iPhone.Build.0 = Release|iPhone
		{8BD3F24A-31FF-4E0B-9165-5BD01564ADD9}.Release|iPhone.Deploy.0 = Release|iPhone
		{8BD3F24A-31FF-4E0B-9165-5BD01564ADD9}.Release|iPhoneSimulator.ActiveCfg = Release|iPhoneSimulator
		{8BD3F24A-31FF-4E0B-9165-5BD01564ADD9}.Release|iPhoneSimulator.Build.0 = Release|iPhoneSimulator
		{8BD3F24A-31FF-4E0B-9165-5BD01564ADD9}.Release|iPhoneSimulator.Deploy.0 = Release|iPhoneSimulator
		{9F569024-A4C0-438D-9A6E-73F45510B14E}.Ad-Hoc|Any CPU.ActiveCfg = Debug|Any CPU
		{9F569024-A4C0-438D-9A6E-73F45510B14E}.Ad-Hoc|Any CPU.Build.0 = Debug|Any CPU
		{9F569024-A4C0-438D-9A6E-73F45510B14E}.Ad-Hoc|Any CPU.Deploy.0 = Debug|Any CPU
		{9F569024-A4C0-438D-9A6E-73F45510B14E}.Ad-Hoc|iPhone.ActiveCfg = Debug|Any CPU
		{9F569024-A4C0-438D-9A6E-73F45510B14E}.Ad-Hoc|iPhone.Build.0 = Debug|Any CPU
		{9F569024-A4C0-438D-9A6E-73F45510B14E}.Ad-Hoc|iPhone.Deploy.0 = Debug|Any CPU
		{9F569024-A4C0-438D-9A6E-73F45510B14E}.Ad-Hoc|iPhoneSimulator.ActiveCfg = Debug|Any CPU
		{9F569024-A4C0-438D-9A6E-73F45510B14E}.Ad-Hoc|iPhoneSimulator.Build.0 = Debug|Any CPU
		{9F569024-A4C0-438D-9A6E-73F45510B14E}.Ad-Hoc|iPhoneSimulator.Deploy.0 = Debug|Any CPU
		{9F569024-A4C0-438D-9A6E-73F45510B14E}.AppStore|Any CPU.ActiveCfg = Debug|Any CPU
		{9F569024-A4C0-438D-9A6E-73F45510B14E}.AppStore|Any CPU.Build.0 = Debug|Any CPU
		{9F569024-A4C0-438D-9A6E-73F45510B14E}.AppStore|Any CPU.Deploy.0 = Debug|Any CPU
		{9F569024-A4C0-438D-9A6E-73F45510B14E}.AppStore|iPhone.ActiveCfg = Debug|Any CPU
		{9F569024-A4C0-438D-9A6E-73F45510B14E}.AppStore|iPhone.Build.0 = Debug|Any CPU
		{9F569024-A4C0-438D-9A6E-73F45510B14E}.AppStore|iPhone.Deploy.0 = Debug|Any CPU
		{9F569024-A4C0-438D-9A6E-73F45510B14E}.AppStore|iPhoneSimulator.ActiveCfg = Debug|Any CPU
		{9F569024-A4C0-438D-9A6E-73F45510B14E}.AppStore|iPhoneSimulator.Build.0 = Debug|Any CPU
		{9F569024-A4C0-438D-9A6E-73F45510B14E}.AppStore|iPhoneSimulator.Deploy.0 = Debug|Any CPU
		{9F569024-A4C0-438D-9A6E-73F45510B14E}.Debug|Any CPU.ActiveCfg = Debug|Any CPU
		{9F569024-A4C0-438D-9A6E-73F45510B14E}.Debug|Any CPU.Build.0 = Debug|Any CPU
		{9F569024-A4C0-438D-9A6E-73F45510B14E}.Debug|Any CPU.Deploy.0 = Debug|Any CPU
		{9F569024-A4C0-438D-9A6E-73F45510B14E}.Debug|iPhone.ActiveCfg = Debug|Any CPU
		{9F569024-A4C0-438D-9A6E-73F45510B14E}.Debug|iPhone.Build.0 = Debug|Any CPU
		{9F569024-A4C0-438D-9A6E-73F45510B14E}.Debug|iPhone.Deploy.0 = Debug|Any CPU
		{9F569024-A4C0-438D-9A6E-73F45510B14E}.Debug|iPhoneSimulator.ActiveCfg = Debug|Any CPU
		{9F569024-A4C0-438D-9A6E-73F45510B14E}.Debug|iPhoneSimulator.Build.0 = Debug|Any CPU
		{9F569024-A4C0-438D-9A6E-73F45510B14E}.Debug|iPhoneSimulator.Deploy.0 = Debug|Any CPU
		{9F569024-A4C0-438D-9A6E-73F45510B14E}.Release|Any CPU.ActiveCfg = Release|Any CPU
		{9F569024-A4C0-438D-9A6E-73F45510B14E}.Release|Any CPU.Build.0 = Release|Any CPU
		{9F569024-A4C0-438D-9A6E-73F45510B14E}.Release|Any CPU.Deploy.0 = Release|Any CPU
		{9F569024-A4C0-438D-9A6E-73F45510B14E}.Release|iPhone.ActiveCfg = Release|Any CPU
		{9F569024-A4C0-438D-9A6E-73F45510B14E}.Release|iPhone.Build.0 = Release|Any CPU
		{9F569024-A4C0-438D-9A6E-73F45510B14E}.Release|iPhone.Deploy.0 = Release|Any CPU
		{9F569024-A4C0-438D-9A6E-73F45510B14E}.Release|iPhoneSimulator.ActiveCfg = Release|Any CPU
		{9F569024-A4C0-438D-9A6E-73F45510B14E}.Release|iPhoneSimulator.Build.0 = Release|Any CPU
		{9F569024-A4C0-438D-9A6E-73F45510B14E}.Release|iPhoneSimulator.Deploy.0 = Release|Any CPU
		{751774DD-03E5-45E5-BEDA-8A017FD7A102}.Ad-Hoc|Any CPU.ActiveCfg = Release|Any CPU
		{751774DD-03E5-45E5-BEDA-8A017FD7A102}.Ad-Hoc|Any CPU.Build.0 = Release|Any CPU
		{751774DD-03E5-45E5-BEDA-8A017FD7A102}.Ad-Hoc|iPhone.ActiveCfg = Release|Any CPU
		{751774DD-03E5-45E5-BEDA-8A017FD7A102}.Ad-Hoc|iPhone.Build.0 = Release|Any CPU
		{751774DD-03E5-45E5-BEDA-8A017FD7A102}.Ad-Hoc|iPhoneSimulator.ActiveCfg = Release|Any CPU
		{751774DD-03E5-45E5-BEDA-8A017FD7A102}.Ad-Hoc|iPhoneSimulator.Build.0 = Release|Any CPU
		{751774DD-03E5-45E5-BEDA-8A017FD7A102}.AppStore|Any CPU.ActiveCfg = Release|Any CPU
		{751774DD-03E5-45E5-BEDA-8A017FD7A102}.AppStore|Any CPU.Build.0 = Release|Any CPU
		{751774DD-03E5-45E5-BEDA-8A017FD7A102}.AppStore|iPhone.ActiveCfg = Release|Any CPU
		{751774DD-03E5-45E5-BEDA-8A017FD7A102}.AppStore|iPhone.Build.0 = Release|Any CPU
		{751774DD-03E5-45E5-BEDA-8A017FD7A102}.AppStore|iPhoneSimulator.ActiveCfg = Release|Any CPU
		{751774DD-03E5-45E5-BEDA-8A017FD7A102}.AppStore|iPhoneSimulator.Build.0 = Release|Any CPU
		{751774DD-03E5-45E5-BEDA-8A017FD7A102}.Debug|Any CPU.ActiveCfg = Debug|Any CPU
		{751774DD-03E5-45E5-BEDA-8A017FD7A102}.Debug|Any CPU.Build.0 = Debug|Any CPU
		{751774DD-03E5-45E5-BEDA-8A017FD7A102}.Debug|iPhone.ActiveCfg = Debug|Any CPU
		{751774DD-03E5-45E5-BEDA-8A017FD7A102}.Debug|iPhone.Build.0 = Debug|Any CPU
		{751774DD-03E5-45E5-BEDA-8A017FD7A102}.Debug|iPhoneSimulator.ActiveCfg = Debug|Any CPU
		{751774DD-03E5-45E5-BEDA-8A017FD7A102}.Debug|iPhoneSimulator.Build.0 = Debug|Any CPU
		{751774DD-03E5-45E5-BEDA-8A017FD7A102}.Release|Any CPU.ActiveCfg = Release|Any CPU
		{751774DD-03E5-45E5-BEDA-8A017FD7A102}.Release|Any CPU.Build.0 = Release|Any CPU
		{751774DD-03E5-45E5-BEDA-8A017FD7A102}.Release|iPhone.ActiveCfg = Release|Any CPU
		{751774DD-03E5-45E5-BEDA-8A017FD7A102}.Release|iPhone.Build.0 = Release|Any CPU
		{751774DD-03E5-45E5-BEDA-8A017FD7A102}.Release|iPhoneSimulator.ActiveCfg = Release|Any CPU
		{751774DD-03E5-45E5-BEDA-8A017FD7A102}.Release|iPhoneSimulator.Build.0 = Release|Any CPU
		{70D1CB3C-0F4E-4D61-9573-61A7544F547E}.Ad-Hoc|Any CPU.ActiveCfg = Release|Any CPU
		{70D1CB3C-0F4E-4D61-9573-61A7544F547E}.Ad-Hoc|Any CPU.Build.0 = Release|Any CPU
		{70D1CB3C-0F4E-4D61-9573-61A7544F547E}.Ad-Hoc|iPhone.ActiveCfg = Release|Any CPU
		{70D1CB3C-0F4E-4D61-9573-61A7544F547E}.Ad-Hoc|iPhone.Build.0 = Release|Any CPU
		{70D1CB3C-0F4E-4D61-9573-61A7544F547E}.Ad-Hoc|iPhoneSimulator.ActiveCfg = Release|Any CPU
		{70D1CB3C-0F4E-4D61-9573-61A7544F547E}.Ad-Hoc|iPhoneSimulator.Build.0 = Release|Any CPU
		{70D1CB3C-0F4E-4D61-9573-61A7544F547E}.AppStore|Any CPU.ActiveCfg = Release|Any CPU
		{70D1CB3C-0F4E-4D61-9573-61A7544F547E}.AppStore|Any CPU.Build.0 = Release|Any CPU
		{70D1CB3C-0F4E-4D61-9573-61A7544F547E}.AppStore|iPhone.ActiveCfg = Release|Any CPU
		{70D1CB3C-0F4E-4D61-9573-61A7544F547E}.AppStore|iPhone.Build.0 = Release|Any CPU
		{70D1CB3C-0F4E-4D61-9573-61A7544F547E}.AppStore|iPhoneSimulator.ActiveCfg = Release|Any CPU
		{70D1CB3C-0F4E-4D61-9573-61A7544F547E}.AppStore|iPhoneSimulator.Build.0 = Release|Any CPU
		{70D1CB3C-0F4E-4D61-9573-61A7544F547E}.Debug|Any CPU.ActiveCfg = Debug|Any CPU
		{70D1CB3C-0F4E-4D61-9573-61A7544F547E}.Debug|Any CPU.Build.0 = Debug|Any CPU
		{70D1CB3C-0F4E-4D61-9573-61A7544F547E}.Debug|iPhone.ActiveCfg = Debug|Any CPU
		{70D1CB3C-0F4E-4D61-9573-61A7544F547E}.Debug|iPhone.Build.0 = Debug|Any CPU
		{70D1CB3C-0F4E-4D61-9573-61A7544F547E}.Debug|iPhoneSimulator.ActiveCfg = Debug|Any CPU
		{70D1CB3C-0F4E-4D61-9573-61A7544F547E}.Debug|iPhoneSimulator.Build.0 = Debug|Any CPU
		{70D1CB3C-0F4E-4D61-9573-61A7544F547E}.Release|Any CPU.ActiveCfg = Release|Any CPU
		{70D1CB3C-0F4E-4D61-9573-61A7544F547E}.Release|Any CPU.Build.0 = Release|Any CPU
		{70D1CB3C-0F4E-4D61-9573-61A7544F547E}.Release|iPhone.ActiveCfg = Release|Any CPU
		{70D1CB3C-0F4E-4D61-9573-61A7544F547E}.Release|iPhone.Build.0 = Release|Any CPU
		{70D1CB3C-0F4E-4D61-9573-61A7544F547E}.Release|iPhoneSimulator.ActiveCfg = Release|Any CPU
		{70D1CB3C-0F4E-4D61-9573-61A7544F547E}.Release|iPhoneSimulator.Build.0 = Release|Any CPU
		{E6BB28D0-2122-4E06-A24B-6BD9FA1FF547}.Ad-Hoc|Any CPU.ActiveCfg = Release|Any CPU
		{E6BB28D0-2122-4E06-A24B-6BD9FA1FF547}.Ad-Hoc|Any CPU.Build.0 = Release|Any CPU
		{E6BB28D0-2122-4E06-A24B-6BD9FA1FF547}.Ad-Hoc|iPhone.ActiveCfg = Release|Any CPU
		{E6BB28D0-2122-4E06-A24B-6BD9FA1FF547}.Ad-Hoc|iPhone.Build.0 = Release|Any CPU
		{E6BB28D0-2122-4E06-A24B-6BD9FA1FF547}.Ad-Hoc|iPhoneSimulator.ActiveCfg = Release|Any CPU
		{E6BB28D0-2122-4E06-A24B-6BD9FA1FF547}.Ad-Hoc|iPhoneSimulator.Build.0 = Release|Any CPU
		{E6BB28D0-2122-4E06-A24B-6BD9FA1FF547}.AppStore|Any CPU.ActiveCfg = Release|Any CPU
		{E6BB28D0-2122-4E06-A24B-6BD9FA1FF547}.AppStore|Any CPU.Build.0 = Release|Any CPU
		{E6BB28D0-2122-4E06-A24B-6BD9FA1FF547}.AppStore|iPhone.ActiveCfg = Release|Any CPU
		{E6BB28D0-2122-4E06-A24B-6BD9FA1FF547}.AppStore|iPhone.Build.0 = Release|Any CPU
		{E6BB28D0-2122-4E06-A24B-6BD9FA1FF547}.AppStore|iPhoneSimulator.ActiveCfg = Release|Any CPU
		{E6BB28D0-2122-4E06-A24B-6BD9FA1FF547}.AppStore|iPhoneSimulator.Build.0 = Release|Any CPU
		{E6BB28D0-2122-4E06-A24B-6BD9FA1FF547}.Debug|Any CPU.ActiveCfg = Debug|Any CPU
		{E6BB28D0-2122-4E06-A24B-6BD9FA1FF547}.Debug|Any CPU.Build.0 = Debug|Any CPU
		{E6BB28D0-2122-4E06-A24B-6BD9FA1FF547}.Debug|iPhone.ActiveCfg = Debug|Any CPU
		{E6BB28D0-2122-4E06-A24B-6BD9FA1FF547}.Debug|iPhone.Build.0 = Debug|Any CPU
		{E6BB28D0-2122-4E06-A24B-6BD9FA1FF547}.Debug|iPhoneSimulator.ActiveCfg = Debug|Any CPU
		{E6BB28D0-2122-4E06-A24B-6BD9FA1FF547}.Debug|iPhoneSimulator.Build.0 = Debug|Any CPU
		{E6BB28D0-2122-4E06-A24B-6BD9FA1FF547}.Release|Any CPU.ActiveCfg = Release|Any CPU
		{E6BB28D0-2122-4E06-A24B-6BD9FA1FF547}.Release|Any CPU.Build.0 = Release|Any CPU
		{E6BB28D0-2122-4E06-A24B-6BD9FA1FF547}.Release|iPhone.ActiveCfg = Release|Any CPU
		{E6BB28D0-2122-4E06-A24B-6BD9FA1FF547}.Release|iPhone.Build.0 = Release|Any CPU
		{E6BB28D0-2122-4E06-A24B-6BD9FA1FF547}.Release|iPhoneSimulator.ActiveCfg = Release|Any CPU
		{E6BB28D0-2122-4E06-A24B-6BD9FA1FF547}.Release|iPhoneSimulator.Build.0 = Release|Any CPU
		{55079B3D-1273-4B74-B036-859DC1E31456}.Ad-Hoc|Any CPU.ActiveCfg = Release|Any CPU
		{55079B3D-1273-4B74-B036-859DC1E31456}.Ad-Hoc|Any CPU.Build.0 = Release|Any CPU
		{55079B3D-1273-4B74-B036-859DC1E31456}.Ad-Hoc|iPhone.ActiveCfg = Release|Any CPU
		{55079B3D-1273-4B74-B036-859DC1E31456}.Ad-Hoc|iPhone.Build.0 = Release|Any CPU
		{55079B3D-1273-4B74-B036-859DC1E31456}.Ad-Hoc|iPhoneSimulator.ActiveCfg = Release|Any CPU
		{55079B3D-1273-4B74-B036-859DC1E31456}.Ad-Hoc|iPhoneSimulator.Build.0 = Release|Any CPU
		{55079B3D-1273-4B74-B036-859DC1E31456}.AppStore|Any CPU.ActiveCfg = Release|Any CPU
		{55079B3D-1273-4B74-B036-859DC1E31456}.AppStore|Any CPU.Build.0 = Release|Any CPU
		{55079B3D-1273-4B74-B036-859DC1E31456}.AppStore|iPhone.ActiveCfg = Release|Any CPU
		{55079B3D-1273-4B74-B036-859DC1E31456}.AppStore|iPhone.Build.0 = Release|Any CPU
		{55079B3D-1273-4B74-B036-859DC1E31456}.AppStore|iPhoneSimulator.ActiveCfg = Release|Any CPU
		{55079B3D-1273-4B74-B036-859DC1E31456}.AppStore|iPhoneSimulator.Build.0 = Release|Any CPU
		{55079B3D-1273-4B74-B036-859DC1E31456}.Debug|Any CPU.ActiveCfg = Debug|Any CPU
		{55079B3D-1273-4B74-B036-859DC1E31456}.Debug|Any CPU.Build.0 = Debug|Any CPU
		{55079B3D-1273-4B74-B036-859DC1E31456}.Debug|iPhone.ActiveCfg = Debug|Any CPU
		{55079B3D-1273-4B74-B036-859DC1E31456}.Debug|iPhone.Build.0 = Debug|Any CPU
		{55079B3D-1273-4B74-B036-859DC1E31456}.Debug|iPhoneSimulator.ActiveCfg = Debug|Any CPU
		{55079B3D-1273-4B74-B036-859DC1E31456}.Debug|iPhoneSimulator.Build.0 = Debug|Any CPU
		{55079B3D-1273-4B74-B036-859DC1E31456}.Release|Any CPU.ActiveCfg = Release|Any CPU
		{55079B3D-1273-4B74-B036-859DC1E31456}.Release|Any CPU.Build.0 = Release|Any CPU
		{55079B3D-1273-4B74-B036-859DC1E31456}.Release|iPhone.ActiveCfg = Release|Any CPU
		{55079B3D-1273-4B74-B036-859DC1E31456}.Release|iPhone.Build.0 = Release|Any CPU
		{55079B3D-1273-4B74-B036-859DC1E31456}.Release|iPhoneSimulator.ActiveCfg = Release|Any CPU
		{55079B3D-1273-4B74-B036-859DC1E31456}.Release|iPhoneSimulator.Build.0 = Release|Any CPU
	EndGlobalSection
	GlobalSection(SolutionProperties) = preSolution
		HideSolutionNode = FALSE
	EndGlobalSection
	GlobalSection(ExtensibilityGlobals) = postSolution
		SolutionGuid = {AC2BCCD6-A09B-4FE0-95A8-D8133805C233}
	EndGlobalSection
EndGlobal
